Microsoft Visual Studio Solution File, Format Version 12.00
# Visual Studio 2012
Project("{FAE04EC0-301F-11D3-BF4B-00C04F79EFBC}") = "Bolinho Beta", "Bolinho Beta.csproj", "{F02F5401-F98A-4D32-8DC0-543866706B24}"
EndProject
Global
	GlobalSection(SolutionConfigurationPlatforms) = preSolution
	Debug|Any CPU = Debug|Any CPU
	ExportDebug|Any CPU = ExportDebug|Any CPU
	ExportRelease|Any CPU = ExportRelease|Any CPU
	EndGlobalSection
	GlobalSection(ProjectConfigurationPlatforms) = postSolution
		{F02F5401-F98A-4D32-8DC0-543866706B24}.Debug|Any CPU.ActiveCfg = Debug|Any CPU
		{F02F5401-F98A-4D32-8DC0-543866706B24}.Debug|Any CPU.Build.0 = Debug|Any CPU
		{F02F5401-F98A-4D32-8DC0-543866706B24}.ExportDebug|Any CPU.ActiveCfg = ExportDebug|Any CPU
		{F02F5401-F98A-4D32-8DC0-543866706B24}.ExportDebug|Any CPU.Build.0 = ExportDebug|Any CPU
		{F02F5401-F98A-4D32-8DC0-543866706B24}.ExportRelease|Any CPU.ActiveCfg = ExportRelease|Any CPU
		{F02F5401-F98A-4D32-8DC0-543866706B24}.ExportRelease|Any CPU.Build.0 = ExportRelease|Any CPU
	EndGlobalSection
EndGlobal
